
Microsoft Visual Studio Solution File, Format Version 12.00
# Visual Studio 15
VisualStudioVersion = 15.0.27703.2042
MinimumVisualStudioVersion = 10.0.40219.1
Project("{9A19103F-16F7-4668-BE54-9A1E7A4F7556}") = "EfMajor", "EfMajor\EfMajor.csproj", "{99D607D9-6236-4C6B-BE01-4CA33920E1BE}"
EndProject
Project("{9A19103F-16F7-4668-BE54-9A1E7A4F7556}") = "EfMajor.Test", "EfMajor.Test\EfMajor.Test.csproj", "{3CD93BD0-FDA1-4110-9D38-0A897A14280E}"
EndProject
Project("{2150E333-8FDC-42A3-9474-1A3956D46DE8}") = "Solution Items", "Solution Items", "{73867FAC-6F60-430C-A60E-87ABB842CB09}"
	ProjectSection(SolutionItems) = preProject
		README.md = README.md
	EndProjectSection
EndProject
Global
	GlobalSection(SolutionConfigurationPlatforms) = preSolution
		Debug|Any CPU = Debug|Any CPU
		Release|Any CPU = Release|Any CPU
	EndGlobalSection
	GlobalSection(ProjectConfigurationPlatforms) = postSolution
		{99D607D9-6236-4C6B-BE01-4CA33920E1BE}.Debug|Any CPU.ActiveCfg = Debug|Any CPU
		{99D607D9-6236-4C6B-BE01-4CA33920E1BE}.Debug|Any CPU.Build.0 = Debug|Any CPU
		{99D607D9-6236-4C6B-BE01-4CA33920E1BE}.Release|Any CPU.ActiveCfg = Release|Any CPU
		{99D607D9-6236-4C6B-BE01-4CA33920E1BE}.Release|Any CPU.Build.0 = Release|Any CPU
		{3CD93BD0-FDA1-4110-9D38-0A897A14280E}.Debug|Any CPU.ActiveCfg = Debug|Any CPU
		{3CD93BD0-FDA1-4110-9D38-0A897A14280E}.Debug|Any CPU.Build.0 = Debug|Any CPU
		{3CD93BD0-FDA1-4110-9D38-0A897A14280E}.Release|Any CPU.ActiveCfg = Release|Any CPU
		{3CD93BD0-FDA1-4110-9D38-0A897A14280E}.Release|Any CPU.Build.0 = Release|Any CPU
	EndGlobalSection
	GlobalSection(SolutionProperties) = preSolution
		HideSolutionNode = FALSE
	EndGlobalSection
	GlobalSection(ExtensibilityGlobals) = postSolution
		SolutionGuid = {5BEF1D08-5974-47F0-9180-3E53F2C7FB18}
	EndGlobalSection
EndGlobal
